# THIS IS AN AUTOGENERATED FILE. DO NOT EDIT THIS FILE DIRECTLY.
# yarn lockfile v1


"@vkontakte/vkui@^3.11.7":
  version "3.11.7"
  resolved "https://registry.yarnpkg.com/@vkontakte/vkui/-/vkui-3.11.7.tgz#fb019ef6bd471529bc0afbd934022fc62e9840e4"
  integrity sha512-mYZfTm5T4OH+sDHnIQ6uUnFV5dJuJEw8SnAtzbk9Bboao7VU32M//1vSj55ZS2ypkhwqHoqmZPL9JyB8CmA42Q==
